
Microsoft Visual Studio Solution File, Format Version 12.00
# Visual Studio 14
VisualStudioVersion = 14.0.25420.1
MinimumVisualStudioVersion = 10.0.40219.1
Project("{FAE04EC0-301F-11D3-BF4B-00C04F79EFBC}") = "BS", "TBS\BS.csproj", "{366403FF-D960-479D-B20D-77DD95C07526}"
EndProject
Project("{FAE04EC0-301F-11D3-BF4B-00C04F79EFBC}") = "UnitEditor", "UnitEditor\UnitEditor.csproj", "{C295DD15-DF5C-46BE-B89D-C7A2CA20AF48}"
EndProject
Project("{FAE04EC0-301F-11D3-BF4B-00C04F79EFBC}") = "Common", "Common\Common.csproj", "{D7FE0729-8F78-4EBA-8F2E-D752F1E23B34}"
EndProject
Global
	GlobalSection(SolutionConfigurationPlatforms) = preSolution
		Debug|Any CPU = Debug|Any CPU
		Release|Any CPU = Release|Any CPU
	EndGlobalSection
	GlobalSection(ProjectConfigurationPlatforms) = postSolution
		{366403FF-D960-479D-B20D-77DD95C07526}.Debug|Any CPU.ActiveCfg = Debug|Any CPU
		{366403FF-D960-479D-B20D-77DD95C07526}.Debug|Any CPU.Build.0 = Debug|Any CPU
		{366403FF-D960-479D-B20D-77DD95C07526}.Release|Any CPU.ActiveCfg = Release|Any CPU
		{366403FF-D960-479D-B20D-77DD95C07526}.Release|Any CPU.Build.0 = Release|Any CPU
		{C295DD15-DF5C-46BE-B89D-C7A2CA20AF48}.Debug|Any CPU.ActiveCfg = Debug|Any CPU
		{C295DD15-DF5C-46BE-B89D-C7A2CA20AF48}.Debug|Any CPU.Build.0 = Debug|Any CPU
		{C295DD15-DF5C-46BE-B89D-C7A2CA20AF48}.Release|Any CPU.ActiveCfg = Release|Any CPU
		{C295DD15-DF5C-46BE-B89D-C7A2CA20AF48}.Release|Any CPU.Build.0 = Release|Any CPU
		{D7FE0729-8F78-4EBA-8F2E-D752F1E23B34}.Debug|Any CPU.ActiveCfg = Debug|Any CPU
		{D7FE0729-8F78-4EBA-8F2E-D752F1E23B34}.Debug|Any CPU.Build.0 = Debug|Any CPU
		{D7FE0729-8F78-4EBA-8F2E-D752F1E23B34}.Release|Any CPU.ActiveCfg = Release|Any CPU
		{D7FE0729-8F78-4EBA-8F2E-D752F1E23B34}.Release|Any CPU.Build.0 = Release|Any CPU
	EndGlobalSection
	GlobalSection(SolutionProperties) = preSolution
		HideSolutionNode = FALSE
	EndGlobalSection
EndGlobal
